# This file is automatically @generated by Cargo.
# It is not intended for manual editing.
version = 4

[[package]]
name = "packrat"
version = "0.1.0"
dependencies = [
 "packrat_domain",
 "packrat_infrastructure",
]

[[package]]
name = "packrat_domain"
version = "0.1.0"

[[package]]
name = "packrat_infrastructure"
version = "0.1.0"
dependencies = [
 "packrat_domain",
]
